
Microsoft Visual Studio Solution File, Format Version 12.00
# Visual Studio 14
VisualStudioVersion = 14.0.25420.1
MinimumVisualStudioVersion = 10.0.40219.1
Project("{FAE04EC0-301F-11D3-BF4B-00C04F79EFBC}") = "AdmWebTest2", "AdmWebTest2\AdmWebTest2.csproj", "{3AAD8B5E-1AEB-4310-A050-7E12416D998F}"
EndProject
Global
	GlobalSection(SolutionConfigurationPlatforms) = preSolution
		Debug|Any CPU = Debug|Any CPU
		Release|Any CPU = Release|Any CPU
	EndGlobalSection
	GlobalSection(ProjectConfigurationPlatforms) = postSolution
		{3AAD8B5E-1AEB-4310-A050-7E12416D998F}.Debug|Any CPU.ActiveCfg = Debug|Any CPU
		{3AAD8B5E-1AEB-4310-A050-7E12416D998F}.Debug|Any CPU.Build.0 = Debug|Any CPU
		{3AAD8B5E-1AEB-4310-A050-7E12416D998F}.Release|Any CPU.ActiveCfg = Release|Any CPU
		{3AAD8B5E-1AEB-4310-A050-7E12416D998F}.Release|Any CPU.Build.0 = Release|Any CPU
	EndGlobalSection
	GlobalSection(SolutionProperties) = preSolution
		HideSolutionNode = FALSE
	EndGlobalSection
EndGlobal
